// !$*UTF8*$!
{
	archiveVersion = 1;
	classes = {
	};
	objectVersion = 50;
	objects = {

/* Begin PBXBuildFile section */
		BD1F411F24C57AC400396595 /* AppDelegate.swift in Sources */ = {isa = PBXBuildFile; fileRef = BD1F411E24C57AC400396595 /* AppDelegate.swift */; };
		BD1F412124C57AC400396595 /* SceneDelegate.swift in Sources */ = {isa = PBXBuildFile; fileRef = BD1F412024C57AC400396595 /* SceneDelegate.swift */; };
		BD1F412324C57AC400396595 /* ViewController.swift in Sources */ = {isa = PBXBuildFile; fileRef = BD1F412224C57AC400396595 /* ViewController.swift */; };
		BD1F412624C57AC400396595 /* Main.storyboard in Resources */ = {isa = PBXBuildFile; fileRef = BD1F412424C57AC400396595 /* Main.storyboard */; };
		BD1F412824C57AC600396595 /* Assets.xcassets in Resources */ = {isa = PBXBuildFile; fileRef = BD1F412724C57AC600396595 /* Assets.xcassets */; };
		BD1F412B24C57AC600396595 /* LaunchScreen.storyboard in Resources */ = {isa = PBXBuildFile; fileRef = BD1F412924C57AC600396595 /* LaunchScreen.storyboard */; };
		BD1F413624C57AC600396595 /* tipTests.swift in Sources */ = {isa = PBXBuildFile; fileRef = BD1F413524C57AC600396595 /* tipTests.swift */; };
		BD1F414124C57AC600396595 /* tipUITests.swift in Sources */ = {isa = PBXBuildFile; fileRef = BD1F414024C57AC600396595 /* tipUITests.swift */; };
/* End PBXBuildFile section */

/* Begin PBXContainerItemProxy section */
		BD1F413224C57AC600396595 /* PBXContainerItemProxy */ = {
			isa = PBXContainerItemProxy;
			containerPortal = BD1F411324C57AC400396595 /* Project object */;
			proxyType = 1;
			remoteGlobalIDString = BD1F411A24C57AC400396595;
			remoteInfo = tip;
		};
		BD1F413D24C57AC600396595 /* PBXContainerItemProxy */ = {
			isa = PBXContainerItemProxy;
			containerPortal = BD1F411324C57AC400396595 /* Project object */;
			proxyType = 1;
			remoteGlobalIDString = BD1F411A24C57AC400396595;
			remoteInfo = tip;
		};
/* End PBXContainerItemProxy section */

/* Begin PBXFileReference section */
		BD1F411B24C57AC400396595 /* tip.app */ = {isa = PBXFileReference; explicitFileType = wrapper.application; includeInIndex = 0; path = tip.app; sourceTree = BUILT_PRODUCTS_DIR; };
		BD1F411E24C57AC400396595 /* AppDelegate.swift */ = {isa = PBXFileReference; lastKnownFileType = sourcecode.swift; path = AppDelegate.swift; sourceTree = "<group>"; };
		BD1F412024C57AC400396595 /* SceneDelegate.swift */ = {isa = PBXFileReference; lastKnownFileType = sourcecode.swift; path = SceneDelegate.swift; sourceTree = "<group>"; };
		BD1F412224C57AC400396595 /* ViewController.swift */ = {isa = PBXFileReference; lastKnownFileType = sourcecode.swift; path = ViewController.swift; sourceTree = "<group>"; };
		BD1F412524C57AC400396595 /* Base */ = {isa = PBXFileReference; lastKnownFileType = file.storyboard; name = Base; path = Base.lproj/Main.storyboard; sourceTree = "<group>"; };
		BD1F412724C57AC600396595 /* Assets.xcassets */ = {isa = PBXFileReference; lastKnownFileType = folder.assetcatalog; path = Assets.xcassets; sourceTree = "<group>"; };
		BD1F412A24C57AC600396595 /* Base */ = {isa = PBXFileReference; lastKnownFileType = file.storyboard; name = Base; path = Base.lproj/LaunchScreen.storyboard; sourceTree = "<group>"; };
		BD1F412C24C57AC600396595 /* Info.plist */ = {isa = PBXFileReference; lastKnownFileType = text.plist.xml; path = Info.plist; sourceTree = "<group>"; };
		BD1F413124C57AC600396595 /* tipTests.xctest */ = {isa = PBXFileReference; explicitFileType = wrapper.cfbundle; includeInIndex = 0; path = tipTests.xctest; sourceTree = BUILT_PRODUCTS_DIR; };
		BD1F413524C57AC600396595 /* tipTests.swift */ = {isa = PBXFileReference; lastKnownFileType = sourcecode.swift; path = tipTests.swift; sourceTree = "<group>"; };
		BD1F413724C57AC600396595 /* Info.plist */ = {isa = PBXFileReference; lastKnownFileType = text.plist.xml; path = Info.plist; sourceTree = "<group>"; };
		BD1F413C24C57AC600396595 /* tipUITests.xctest */ = {isa = PBXFileReference; explicitFileType = wrapper.cfbundle; includeInIndex = 0; path = tipUITests.xctest; sourceTree = BUILT_PRODUCTS_DIR; };
		BD1F414024C57AC600396595 /* tipUITests.swift */ = {isa = PBXFileReference; lastKnownFileType = sourcecode.swift; path = tipUITests.swift; sourceTree = "<group>"; };
		BD1F414224C57AC600396595 /* Info.plist */ = {isa = PBXFileReference; lastKnownFileType = text.plist.xml; path = Info.plist; sourceTree = "<group>"; };
/* End PBXFileReference section */

/* Begin PBXFrameworksBuildPhase section */
		BD1F411824C57AC400396595 /* Frameworks */ = {
			isa = PBXFrameworksBuildPhase;
			buildActionMask = 2147483647;
			files = (
			);
			runOnlyForDeploymentPostprocessing = 0;
		};
		BD1F412E24C57AC600396595 /* Frameworks */ = {
			isa = PBXFrameworksBuildPhase;
			buildActionMask = 2147483647;
			files = (
			);
			runOnlyForDeploymentPostprocessing = 0;
		};
		BD1F413924C57AC600396595 /* Frameworks */ = {
			isa = PBXFrameworksBuildPhase;
			buildActionMask = 2147483647;
			files = (
			);
			runOnlyForDeploymentPostprocessing = 0;
		};
/* End PBXFrameworksBuildPhase section */

/* Begin PBXGroup section */
		BD1F411224C57AC400396595 = {
			isa = PBXGroup;
			children = (
				BD1F411D24C57AC400396595 /* tip */,
				BD1F413424C57AC600396595 /* tipTests */,
				BD1F413F24C57AC600396595 /* tipUITests */,
				BD1F411C24C57AC400396595 /* Products */,
			);
			sourceTree = "<group>";
		};
		BD1F411C24C57AC400396595 /* Products */ = {
			isa = PBXGroup;
			children = (
				BD1F411B24C57AC400396595 /* tip.app */,
				BD1F413124C57AC600396595 /* tipTests.xctest */,
				BD1F413C24C57AC600396595 /* tipUITests.xctest */,
			);
			name = Products;
			sourceTree = "<group>";
		};
		BD1F411D24C57AC400396595 /* tip */ = {
			isa = PBXGroup;
			children = (
				BD1F411E24C57AC400396595 /* AppDelegate.swift */,
				BD1F412024C57AC400396595 /* SceneDelegate.swift */,
				BD1F412224C57AC400396595 /* ViewController.swift */,
				BD1F412424C57AC400396595 /* Main.storyboard */,
				BD1F412724C57AC600396595 /* Assets.xcassets */,
				BD1F412924C57AC600396595 /* LaunchScreen.storyboard */,
				BD1F412C24C57AC600396595 /* Info.plist */,
			);
			path = tip;
			sourceTree = "<group>";
		};
		BD1F413424C57AC600396595 /* tipTests */ = {
			isa = PBXGroup;
			children = (
				BD1F413524C57AC600396595 /* tipTests.swift */,
				BD1F413724C57AC600396595 /* Info.plist */,
			);
			path = tipTests;
			sourceTree = "<group>";
		};
		BD1F413F24C57AC600396595 /* tipUITests */ = {
			isa = PBXGroup;
			children = (
				BD1F414024C57AC600396595 /* tipUITests.swift */,
				BD1F414224C57AC600396595 /* Info.plist */,
			);
			path = tipUITests;
			sourceTree = "<group>";
		};
/* End PBXGroup section */

/* Begin PBXNativeTarget section */
		BD1F411A24C57AC400396595 /* tip */ = {
			isa = PBXNativeTarget;
			buildConfigurationList = BD1F414524C57AC600396595 /* Build configuration list for PBXNativeTarget "tip" */;
			buildPhases = (
				BD1F411724C57AC400396595 /* Sources */,
				BD1F411824C57AC400396595 /* Frameworks */,
				BD1F411924C57AC400396595 /* Resources */,
			);
			buildRules = (
			);
			dependencies = (
			);
			name = tip;
			productName = tip;
			productReference = BD1F411B24C57AC400396595 /* tip.app */;
			productType = "com.apple.product-type.application";
		};
		BD1F413024C57AC600396595 /* tipTests */ = {
			isa = PBXNativeTarget;
			buildConfigurationList = BD1F414824C57AC600396595 /* Build configuration list for PBXNativeTarget "tipTests" */;
			buildPhases = (
				BD1F412D24C57AC600396595 /* Sources */,
				BD1F412E24C57AC600396595 /* Frameworks */,
				BD1F412F24C57AC600396595 /* Resources */,
			);
			buildRules = (
			);
			dependencies = (
				BD1F413324C57AC600396595 /* PBXTargetDependency */,
			);
			name = tipTests;
			productName = tipTests;
			productReference = BD1F413124C57AC600396595 /* tipTests.xctest */;
			productType = "com.apple.product-type.bundle.unit-test";
		};
		BD1F413B24C57AC600396595 /* tipUITests */ = {
			isa = PBXNativeTarget;
			buildConfigurationList = BD1F414B24C57AC600396595 /* Build configuration list for PBXNativeTarget "tipUITests" */;
			buildPhases = (
				BD1F413824C57AC600396595 /* Sources */,
				BD1F413924C57AC600396595 /* Frameworks */,
				BD1F413A24C57AC600396595 /* Resources */,
			);
			buildRules = (
			);
			dependencies = (
				BD1F413E24C57AC600396595 /* PBXTargetDependency */,
			);
			name = tipUITests;
			productName = tipUITests;
			productReference = BD1F413C24C57AC600396595 /* tipUITests.xctest */;
			productType = "com.apple.product-type.bundle.ui-testing";
		};
/* End PBXNativeTarget section */

/* Begin PBXProject section */
		BD1F411324C57AC400396595 /* Project object */ = {
			isa = PBXProject;
			attributes = {
				LastSwiftUpdateCheck = 1130;
				LastUpgradeCheck = 1130;
				ORGANIZATIONNAME = Codepath;
				TargetAttributes = {
					BD1F411A24C57AC400396595 = {
						CreatedOnToolsVersion = 11.3.1;
					};
					BD1F413024C57AC600396595 = {
						CreatedOnToolsVersion = 11.3.1;
						TestTargetID = BD1F411A24C57AC400396595;
					};
					BD1F413B24C57AC600396595 = {
						CreatedOnToolsVersion = 11.3.1;
						TestTargetID = BD1F411A24C57AC400396595;
					};
				};
			};
			buildConfigurationList = BD1F411624C57AC400396595 /* Build configuration list for PBXProject "tip" */;
			compatibilityVersion = "Xcode 9.3";
			developmentRegion = en;
			hasScannedForEncodings = 0;
			knownRegions = (
				en,
				Base,
			);
			mainGroup = BD1F411224C57AC400396595;
			productRefGroup = BD1F411C24C57AC400396595 /* Products */;
			projectDirPath = "";
			projectRoot = "";
			targets = (
				BD1F411A24C57AC400396595 /* tip */,
				BD1F413024C57AC600396595 /* tipTests */,
				BD1F413B24C57AC600396595 /* tipUITests */,
			);
		};
/* End PBXProject section */

/* Begin PBXResourcesBuildPhase section */
		BD1F411924C57AC400396595 /* Resources */ = {
			isa = PBXResourcesBuildPhase;
			buildActionMask = 2147483647;
			files = (
				BD1F412B24C57AC600396595 /* LaunchScreen.storyboard in Resources */,
				BD1F412824C57AC600396595 /* Assets.xcassets in Resources */,
				BD1F412624C57AC400396595 /* Main.storyboard in Resources */,
			);
			runOnlyForDeploymentPostprocessing = 0;
		};
		BD1F412F24C57AC600396595 /* Resources */ = {
			isa = PBXResourcesBuildPhase;
			buildActionMask = 2147483647;
			files = (
			);
			runOnlyForDeploymentPostprocessing = 0;
		};
		BD1F413A24C57AC600396595 /* Resources */ = {
			isa = PBXResourcesBuildPhase;
			buildActionMask = 2147483647;
			files = (
			);
			runOnlyForDeploymentPostprocessing = 0;
		};
/* End PBXResourcesBuildPhase section */

/* Begin PBXSourcesBuildPhase section */
		BD1F411724C57AC400396595 /* Sources */ = {
			isa = PBXSourcesBuildPhase;
			buildActionMask = 2147483647;
			files = (
				BD1F412324C57AC400396595 /* ViewController.swift in Sources */,
				BD1F411F24C57AC400396595 /* AppDelegate.swift in Sources */,
				BD1F412124C57AC400396595 /* SceneDelegate.swift in Sources */,
			);
			runOnlyForDeploymentPostprocessing = 0;
		};
		BD1F412D24C57AC600396595 /* Sources */ = {
			isa = PBXSourcesBuildPhase;
			buildActionMask = 2147483647;
			files = (
				BD1F413624C57AC600396595 /* tipTests.swift in Sources */,
			);
			runOnlyForDeploymentPostprocessing = 0;
		};
		BD1F413824C57AC600396595 /* Sources */ = {
			isa = PBXSourcesBuildPhase;
			buildActionMask = 2147483647;
			files = (
				BD1F414124C57AC600396595 /* tipUITests.swift in Sources */,
			);
			runOnlyForDeploymentPostprocessing = 0;
		};
/* End PBXSourcesBuildPhase section */

/* Begin PBXTargetDependency section */
		BD1F413324C57AC600396595 /* PBXTargetDependency */ = {
			isa = PBXTargetDependency;
			target = BD1F411A24C57AC400396595 /* tip */;
			targetProxy = BD1F413224C57AC600396595 /* PBXContainerItemProxy */;
		};
		BD1F413E24C57AC600396595 /* PBXTargetDependency */ = {
			isa = PBXTargetDependency;
			target = BD1F411A24C57AC400396595 /* tip */;
			targetProxy = BD1F413D24C57AC600396595 /* PBXContainerItemProxy */;
		};
/* End PBXTargetDependency section */

/* Begin PBXVariantGroup section */
		BD1F412424C57AC400396595 /* Main.storyboard */ = {
			isa = PBXVariantGroup;
			children = (
				BD1F412524C57AC400396595 /* Base */,
			);
			name = Main.storyboard;
			sourceTree = "<group>";
		};
		BD1F412924C57AC600396595 /* LaunchScreen.storyboard */ = {
			isa = PBXVariantGroup;
			children = (
				BD1F412A24C57AC600396595 /* Base */,
			);
			name = LaunchScreen.storyboard;
			sourceTree = "<group>";
		};
/* End PBXVariantGroup section */

/* Begin XCBuildConfiguration section */
		BD1F414324C57AC600396595 /* Debug */ = {
			isa = XCBuildConfiguration;
			buildSettings = {
				ALWAYS_SEARCH_USER_PATHS = NO;
				CLANG_ANALYZER_NONNULL = YES;
				CLANG_ANALYZER_NUMBER_OBJECT_CONVERSION = YES_AGGRESSIVE;
				CLANG_CXX_LANGUAGE_STANDARD = "gnu++14";
				CLANG_CXX_LIBRARY = "libc++";
				CLANG_ENABLE_MODULES = YES;
				CLANG_ENABLE_OBJC_ARC = YES;
				CLANG_ENABLE_OBJC_WEAK = YES;
				CLANG_WARN_BLOCK_CAPTURE_AUTORELEASING = YES;
				CLANG_WARN_BOOL_CONVERSION = YES;
				CLANG_WARN_COMMA = YES;
				CLANG_WARN_CONSTANT_CONVERSION = YES;
				CLANG_WARN_DEPRECATED_OBJC_IMPLEMENTATIONS = YES;
				CLANG_WARN_DIRECT_OBJC_ISA_USAGE = YES_ERROR;
				CLANG_WARN_DOCUMENTATION_COMMENTS = YES;
				CLANG_WARN_EMPTY_BODY = YES;
				CLANG_WARN_ENUM_CONVERSION = YES;
				CLANG_WARN_INFINITE_RECURSION = YES;
				CLANG_WARN_INT_CONVERSION = YES;
				CLANG_WARN_NON_LITERAL_NULL_CONVERSION = YES;
				CLANG_WARN_OBJC_IMPLICIT_RETAIN_SELF = YES;
				CLANG_WARN_OBJC_LITERAL_CONVERSION = YES;
				CLANG_WARN_OBJC_ROOT_CLASS = YES_ERROR;
				CLANG_WARN_RANGE_LOOP_ANALYSIS = YES;
				CLANG_WARN_STRICT_PROTOTYPES = YES;
				CLANG_WARN_SUSPICIOUS_MOVE = YES;
				CLANG_WARN_UNGUARDED_AVAILABILITY = YES_AGGRESSIVE;
				CLANG_WARN_UNREACHABLE_CODE = YES;
				CLANG_WARN__DUPLICATE_METHOD_MATCH = YES;
				COPY_PHASE_STRIP = NO;
				DEBUG_INFORMATION_FORMAT = dwarf;
				ENABLE_STRICT_OBJC_MSGSEND = YES;
				ENABLE_TESTABILITY = YES;
				GCC_C_LANGUAGE_STANDARD = gnu11;
				GCC_DYNAMIC_NO_PIC = NO;
				GCC_NO_COMMON_BLOCKS = YES;
				GCC_OPTIMIZATION_LEVEL = 0;
				GCC_PREPROCESSOR_DEFINITIONS = (
					"DEBUG=1",
					"$(inherited)",
				);
				GCC_WARN_64_TO_32_BIT_CONVERSION = YES;
				GCC_WARN_ABOUT_RETURN_TYPE = YES_ERROR;
				GCC_WARN_UNDECLARED_SELECTOR = YES;
				GCC_WARN_UNINITIALIZED_AUTOS = YES_AGGRESSIVE;
				GCC_WARN_UNUSED_FUNCTION = YES;
				GCC_WARN_UNUSED_VARIABLE = YES;
				IPHONEOS_DEPLOYMENT_TARGET = 13.2;
				MTL_ENABLE_DEBUG_INFO = INCLUDE_SOURCE;
				MTL_FAST_MATH = YES;
				ONLY_ACTIVE_ARCH = YES;
				SDKROOT = iphoneos;
				SWIFT_ACTIVE_COMPILATION_CONDITIONS = DEBUG;
				SWIFT_OPTIMIZATION_LEVEL = "-Onone";
			};
			name = Debug;
		};
		BD1F414424C57AC600396595 /* Release */ = {
			isa = XCBuildConfiguration;
			buildSettings = {
				ALWAYS_SEARCH_USER_PATHS = NO;
				CLANG_ANALYZER_NONNULL = YES;
				CLANG_ANALYZER_NUMBER_OBJECT_CONVERSION = YES_AGGRESSIVE;
				CLANG_CXX_LANGUAGE_STANDARD = "gnu++14";
				CLANG_CXX_LIBRARY = "libc++";
				CLANG_ENABLE_MODULES = YES;
				CLANG_ENABLE_OBJC_ARC = YES;
				CLANG_ENABLE_OBJC_WEAK = YES;
				CLANG_WARN_BLOCK_CAPTURE_AUTORELEASING = YES;
				CLANG_WARN_BOOL_CONVERSION = YES;
				CLANG_WARN_COMMA = YES;
				CLANG_WARN_CONSTANT_CONVERSION = YES;
				CLANG_WARN_DEPRECATED_OBJC_IMPLEMENTATIONS = YES;
				CLANG_WARN_DIRECT_OBJC_ISA_USAGE = YES_ERROR;
				CLANG_WARN_DOCUMENTATION_COMMENTS = YES;
				CLANG_WARN_EMPTY_BODY = YES;
				CLANG_WARN_ENUM_CONVERSION = YES;
				CLANG_WARN_INFINITE_RECURSION = YES;
				CLANG_WARN_INT_CONVERSION = YES;
				CLANG_WARN_NON_LITERAL_NULL_CONVERSION = YES;
				CLANG_WARN_OBJC_IMPLICIT_RETAIN_SELF = YES;
				CLANG_WARN_OBJC_LITERAL_CONVERSION = YES;
				CLANG_WARN_OBJC_ROOT_CLASS = YES_ERROR;
				CLANG_WARN_RANGE_LOOP_ANALYSIS = YES;
				CLANG_WARN_STRICT_PROTOTYPES = YES;
				CLANG_WARN_SUSPICIOUS_MOVE = YES;
				CLANG_WARN_UNGUARDED_AVAILABILITY = YES_AGGRESSIVE;
				CLANG_WARN_UNREACHABLE_CODE = YES;
				CLANG_WARN__DUPLICATE_METHOD_MATCH = YES;
				COPY_PHASE_STRIP = NO;
				DEBUG_INFORMATION_FORMAT = "dwarf-with-dsym";
				ENABLE_NS_ASSERTIONS = NO;
				ENABLE_STRICT_OBJC_MSGSEND = YES;
				GCC_C_LANGUAGE_STANDARD = gnu11;
				GCC_NO_COMMON_BLOCKS = YES;
				GCC_WARN_64_TO_32_BIT_CONVERSION = YES;
				GCC_WARN_ABOUT_RETURN_TYPE = YES_ERROR;
				GCC_WARN_UNDECLARED_SELECTOR = YES;
				GCC_WARN_UNINITIALIZED_AUTOS = YES_AGGRESSIVE;
				GCC_WARN_UNUSED_FUNCTION = YES;
				GCC_WARN_UNUSED_VARIABLE = YES;
				IPHONEOS_DEPLOYMENT_TARGET = 13.2;
				MTL_ENABLE_DEBUG_INFO = NO;
				MTL_FAST_MATH = YES;
				SDKROOT = iphoneos;
				SWIFT_COMPILATION_MODE = wholemodule;
				SWIFT_OPTIMIZATION_LEVEL = "-O";
				VALIDATE_PRODUCT = YES;
			};
			name = Release;
		};
		BD1F414624C57AC600396595 /* Debug */ = {
			isa = XCBuildConfiguration;
			buildSettings = {
				ASSETCATALOG_COMPILER_APPICON_NAME = AppIcon;
				CODE_SIGN_STYLE = Automatic;
				INFOPLIST_FILE = tip/Info.plist;
				LD_RUNPATH_SEARCH_PATHS = (
					"$(inherited)",
					"@executable_path/Frameworks",
				);
				PRODUCT_BUNDLE_IDENTIFIER = Codepath.tip;
				PRODUCT_NAME = "$(TARGET_NAME)";
				SWIFT_VERSION = 5.0;
				TARGETED_DEVICE_FAMILY = "1,2";
			};
			name = Debug;
		};
		BD1F414724C57AC600396595 /* Release */ = {
			isa = XCBuildConfiguration;
			buildSettings = {
				ASSETCATALOG_COMPILER_APPICON_NAME = AppIcon;
				CODE_SIGN_STYLE = Automatic;
				INFOPLIST_FILE = tip/Info.plist;
				LD_RUNPATH_SEARCH_PATHS = (
					"$(inherited)",
					"@executable_path/Frameworks",
				);
				PRODUCT_BUNDLE_IDENTIFIER = Codepath.tip;
				PRODUCT_NAME = "$(TARGET_NAME)";
				SWIFT_VERSION = 5.0;
				TARGETED_DEVICE_FAMILY = "1,2";
			};
			name = Release;
		};
		BD1F414924C57AC600396595 /* Debug */ = {
			isa = XCBuildConfiguration;
			buildSettings = {
				ALWAYS_EMBED_SWIFT_STANDARD_LIBRARIES = YES;
				BUNDLE_LOADER = "$(TEST_HOST)";
				CODE_SIGN_STYLE = Automatic;
				INFOPLIST_FILE = tipTests/Info.plist;
				IPHONEOS_DEPLOYMENT_TARGET = 13.2;
				LD_RUNPATH_SEARCH_PATHS = (
					"$(inherited)",
					"@executable_path/Frameworks",
					"@loader_path/Frameworks",
				);
				PRODUCT_BUNDLE_IDENTIFIER = Codepath.tipTests;
				PRODUCT_NAME = "$(TARGET_NAME)";
				SWIFT_VERSION = 5.0;
				TARGETED_DEVICE_FAMILY = "1,2";
				TEST_HOST = "$(BUILT_PRODUCTS_DIR)/tip.app/tip";
			};
			name = Debug;
		};
		BD1F414A24C57AC600396595 /* Release */ = {
			isa = XCBuildConfiguration;
			buildSettings = {
				ALWAYS_EMBED_SWIFT_STANDARD_LIBRARIES = YES;
				BUNDLE_LOADER = "$(TEST_HOST)";
				CODE_SIGN_STYLE = Automatic;
				INFOPLIST_FILE = tipTests/Info.plist;
				IPHONEOS_DEPLOYMENT_TARGET = 13.2;
				LD_RUNPATH_SEARCH_PATHS = (
					"$(inherited)",
					"@executable_path/Frameworks",
					"@loader_path/Frameworks",
				);
				PRODUCT_BUNDLE_IDENTIFIER = Codepath.tipTests;
				PRODUCT_NAME = "$(TARGET_NAME)";
				SWIFT_VERSION = 5.0;
				TARGETED_DEVICE_FAMILY = "1,2";
				TEST_HOST = "$(BUILT_PRODUCTS_DIR)/tip.app/tip";
			};
			name = Release;
		};
		BD1F414C24C57AC600396595 /* Debug */ = {
			isa = XCBuildConfiguration;
			buildSettings = {
				ALWAYS_EMBED_SWIFT_STANDARD_LIBRARIES = YES;
				CODE_SIGN_STYLE = Automatic;
				INFOPLIST_FILE = tipUITests/Info.plist;
				LD_RUNPATH_SEARCH_PATHS = (
					"$(inherited)",
					"@executable_path/Frameworks",
					"@loader_path/Frameworks",
				);
				PRODUCT_BUNDLE_IDENTIFIER = Codepath.tipUITests;
				PRODUCT_NAME = "$(TARGET_NAME)";
				SWIFT_VERSION = 5.0;
				TARGETED_DEVICE_FAMILY = "1,2";
				TEST_TARGET_NAME = tip;
			};
			name = Debug;
		};
		BD1F414D24C57AC600396595 /* Release */ = {
			isa = XCBuildConfiguration;
			buildSettings = {
				ALWAYS_EMBED_SWIFT_STANDARD_LIBRARIES = YES;
				CODE_SIGN_STYLE = Automatic;
				INFOPLIST_FILE = tipUITests/Info.plist;
				LD_RUNPATH_SEARCH_PATHS = (
					"$(inherited)",
					"@executable_path/Frameworks",
					"@loader_path/Frameworks",
				);
				PRODUCT_BUNDLE_IDENTIFIER = Codepath.tipUITests;
				PRODUCT_NAME = "$(TARGET_NAME)";
				SWIFT_VERSION = 5.0;
				TARGETED_DEVICE_FAMILY = "1,2";
				TEST_TARGET_NAME = tip;
			};
			name = Release;
		};
/* End XCBuildConfiguration section */

/* Begin XCConfigurationList section */
		BD1F411624C57AC400396595 /* Build configuration list for PBXProject "tip" */ = {
			isa = XCConfigurationList;
			buildConfigurations = (
				BD1F414324C57AC600396595 /* Debug */,
				BD1F414424C57AC600396595 /* Release */,
			);
			defaultConfigurationIsVisible = 0;
			defaultConfigurationName = Release;
		};
		BD1F414524C57AC600396595 /* Build configuration list for PBXNativeTarget "tip" */ = {
			isa = XCConfigurationList;
			buildConfigurations = (
				BD1F414624C57AC600396595 /* Debug */,
				BD1F414724C57AC600396595 /* Release */,
			);
			defaultConfigurationIsVisible = 0;
			defaultConfigurationName = Release;
		};
		BD1F414824C57AC600396595 /* Build configuration list for PBXNativeTarget "tipTests" */ = {
			isa = XCConfigurationList;
			buildConfigurations = (
				BD1F414924C57AC600396595 /* Debug */,
				BD1F414A24C57AC600396595 /* Release */,
			);
			defaultConfigurationIsVisible = 0;
			defaultConfigurationName = Release;
		};
		BD1F414B24C57AC600396595 /* Build configuration list for PBXNativeTarget "tipUITests" */ = {
			isa = XCConfigurationList;
			buildConfigurations = (
				BD1F414C24C57AC600396595 /* Debug */,
				BD1F414D24C57AC600396595 /* Release */,
			);
			defaultConfigurationIsVisible = 0;
			defaultConfigurationName = Release;
		};
/* End XCConfigurationList section */
	};
	rootObject = BD1F411324C57AC400396595 /* Project object */;
}
